
Microsoft Visual Studio Solution File, Format Version 12.00
# Visual Studio Version 16
VisualStudioVersion = 16.0.30413.136
MinimumVisualStudioVersion = 10.0.40219.1
Project("{2150E333-8FDC-42A3-9474-1A3956D46DE8}") = "1 - Services", "1 - Services", "{0C2F9AD7-51F2-4FC1-9092-C2D18922E2DB}"
EndProject
Project("{2150E333-8FDC-42A3-9474-1A3956D46DE8}") = "2 - Application", "2 - Application", "{1897B63C-D3F2-4202-A05A-3EE79E3B6FF3}"
EndProject
Project("{2150E333-8FDC-42A3-9474-1A3956D46DE8}") = "3 - Domain", "3 - Domain", "{5B72A53F-7377-448D-A095-E973AE9BD827}"
EndProject
Project("{2150E333-8FDC-42A3-9474-1A3956D46DE8}") = "4 - Infrastructure", "4 - Infrastructure", "{C8C9B610-529D-4CCB-A693-2CAD4903EB66}"
EndProject
Project("{9A19103F-16F7-4668-BE54-9A1E7A4F7556}") = "TruckRESTAPI.API", "TruckRESTAPI.API\TruckRESTAPI.API.csproj", "{D3E440C1-86C7-4CCE-B21B-050908A19344}"
EndProject
Project("{9A19103F-16F7-4668-BE54-9A1E7A4F7556}") = "TruckRESTAPI.Application", "TruckRESTAPI.Application\TruckRESTAPI.Application.csproj", "{41E1EE6C-0DE8-4D92-9E6B-2EF749F78ABA}"
EndProject
Project("{9A19103F-16F7-4668-BE54-9A1E7A4F7556}") = "TruckRESTAPI.Domain", "TruckRESTAPI.Domain\TruckRESTAPI.Domain.csproj", "{A2828BB2-579E-4853-88E2-E44A5DF0EAE6}"
EndProject
Project("{9A19103F-16F7-4668-BE54-9A1E7A4F7556}") = "TruckRESTAPI.Domain.Core", "TruckRESTAPI.Domain.Core\TruckRESTAPI.Domain.Core.csproj", "{CC73EAA0-A535-4F4B-88ED-591E82F57E50}"
EndProject
Project("{9A19103F-16F7-4668-BE54-9A1E7A4F7556}") = "TruckRESTAPI.Domain.Services", "TruckRESTAPI.Domain.Services\TruckRESTAPI.Domain.Services.csproj", "{514B2B35-0530-4CFC-B178-A2A35E3FBA2B}"
EndProject
Project("{9A19103F-16F7-4668-BE54-9A1E7A4F7556}") = "TruckRESTAPI.Infrastructure", "TruckRESTAPI.Infrastructure\TruckRESTAPI.Infrastructure.csproj", "{0C1DFC50-6988-404E-8066-6EBE47328424}"
EndProject
Project("{2150E333-8FDC-42A3-9474-1A3956D46DE8}") = "5 - Tests", "5 - Tests", "{F28B2911-0907-4CEB-96F0-20315B931BA1}"
EndProject
Project("{FAE04EC0-301F-11D3-BF4B-00C04F79EFBC}") = "TruckRESTAPI.Tests", "TruckRESTAPI.Tests\TruckRESTAPI.Tests.csproj", "{8E92480E-2714-4376-BB0C-9C6D9B60F8E3}"
EndProject
Global
	GlobalSection(SolutionConfigurationPlatforms) = preSolution
		Debug|Any CPU = Debug|Any CPU
		Release|Any CPU = Release|Any CPU
	EndGlobalSection
	GlobalSection(ProjectConfigurationPlatforms) = postSolution
		{D3E440C1-86C7-4CCE-B21B-050908A19344}.Debug|Any CPU.ActiveCfg = Debug|Any CPU
		{D3E440C1-86C7-4CCE-B21B-050908A19344}.Debug|Any CPU.Build.0 = Debug|Any CPU
		{D3E440C1-86C7-4CCE-B21B-050908A19344}.Release|Any CPU.ActiveCfg = Release|Any CPU
		{D3E440C1-86C7-4CCE-B21B-050908A19344}.Release|Any CPU.Build.0 = Release|Any CPU
		{41E1EE6C-0DE8-4D92-9E6B-2EF749F78ABA}.Debug|Any CPU.ActiveCfg = Debug|Any CPU
		{41E1EE6C-0DE8-4D92-9E6B-2EF749F78ABA}.Debug|Any CPU.Build.0 = Debug|Any CPU
		{41E1EE6C-0DE8-4D92-9E6B-2EF749F78ABA}.Release|Any CPU.ActiveCfg = Release|Any CPU
		{41E1EE6C-0DE8-4D92-9E6B-2EF749F78ABA}.Release|Any CPU.Build.0 = Release|Any CPU
		{A2828BB2-579E-4853-88E2-E44A5DF0EAE6}.Debug|Any CPU.ActiveCfg = Debug|Any CPU
		{A2828BB2-579E-4853-88E2-E44A5DF0EAE6}.Debug|Any CPU.Build.0 = Debug|Any CPU
		{A2828BB2-579E-4853-88E2-E44A5DF0EAE6}.Release|Any CPU.ActiveCfg = Release|Any CPU
		{A2828BB2-579E-4853-88E2-E44A5DF0EAE6}.Release|Any CPU.Build.0 = Release|Any CPU
		{CC73EAA0-A535-4F4B-88ED-591E82F57E50}.Debug|Any CPU.ActiveCfg = Debug|Any CPU
		{CC73EAA0-A535-4F4B-88ED-591E82F57E50}.Debug|Any CPU.Build.0 = Debug|Any CPU
		{CC73EAA0-A535-4F4B-88ED-591E82F57E50}.Release|Any CPU.ActiveCfg = Release|Any CPU
		{CC73EAA0-A535-4F4B-88ED-591E82F57E50}.Release|Any CPU.Build.0 = Release|Any CPU
		{514B2B35-0530-4CFC-B178-A2A35E3FBA2B}.Debug|Any CPU.ActiveCfg = Debug|Any CPU
		{514B2B35-0530-4CFC-B178-A2A35E3FBA2B}.Debug|Any CPU.Build.0 = Debug|Any CPU
		{514B2B35-0530-4CFC-B178-A2A35E3FBA2B}.Release|Any CPU.ActiveCfg = Release|Any CPU
		{514B2B35-0530-4CFC-B178-A2A35E3FBA2B}.Release|Any CPU.Build.0 = Release|Any CPU
		{0C1DFC50-6988-404E-8066-6EBE47328424}.Debug|Any CPU.ActiveCfg = Debug|Any CPU
		{0C1DFC50-6988-404E-8066-6EBE47328424}.Debug|Any CPU.Build.0 = Debug|Any CPU
		{0C1DFC50-6988-404E-8066-6EBE47328424}.Release|Any CPU.ActiveCfg = Release|Any CPU
		{0C1DFC50-6988-404E-8066-6EBE47328424}.Release|Any CPU.Build.0 = Release|Any CPU
		{8E92480E-2714-4376-BB0C-9C6D9B60F8E3}.Debug|Any CPU.ActiveCfg = Debug|Any CPU
		{8E92480E-2714-4376-BB0C-9C6D9B60F8E3}.Debug|Any CPU.Build.0 = Debug|Any CPU
		{8E92480E-2714-4376-BB0C-9C6D9B60F8E3}.Release|Any CPU.ActiveCfg = Release|Any CPU
		{8E92480E-2714-4376-BB0C-9C6D9B60F8E3}.Release|Any CPU.Build.0 = Release|Any CPU
	EndGlobalSection
	GlobalSection(SolutionProperties) = preSolution
		HideSolutionNode = FALSE
	EndGlobalSection
	GlobalSection(NestedProjects) = preSolution
		{D3E440C1-86C7-4CCE-B21B-050908A19344} = {0C2F9AD7-51F2-4FC1-9092-C2D18922E2DB}
		{41E1EE6C-0DE8-4D92-9E6B-2EF749F78ABA} = {1897B63C-D3F2-4202-A05A-3EE79E3B6FF3}
		{A2828BB2-579E-4853-88E2-E44A5DF0EAE6} = {5B72A53F-7377-448D-A095-E973AE9BD827}
		{CC73EAA0-A535-4F4B-88ED-591E82F57E50} = {5B72A53F-7377-448D-A095-E973AE9BD827}
		{514B2B35-0530-4CFC-B178-A2A35E3FBA2B} = {5B72A53F-7377-448D-A095-E973AE9BD827}
		{0C1DFC50-6988-404E-8066-6EBE47328424} = {C8C9B610-529D-4CCB-A693-2CAD4903EB66}
		{8E92480E-2714-4376-BB0C-9C6D9B60F8E3} = {F28B2911-0907-4CEB-96F0-20315B931BA1}
	EndGlobalSection
	GlobalSection(ExtensibilityGlobals) = postSolution
		SolutionGuid = {336BFBFB-757C-4261-B569-DA28C857A9F2}
	EndGlobalSection
EndGlobal
